// !$*UTF8*$!
{
	archiveVersion = 1;
	classes = {
	};
	objectVersion = 56;
	objects = {

/* Begin PBXBuildFile section */
		84172B0B2BAB8EDA0039CA80 /* NewScrumSheet.swift in Sources */ = {isa = PBXBuildFile; fileRef = 84172B0A2BAB8EDA0039CA80 /* NewScrumSheet.swift */; };
		84172B0D2BAB910F0039CA80 /* History.swift in Sources */ = {isa = PBXBuildFile; fileRef = 84172B0C2BAB910F0039CA80 /* History.swift */; };
		847CEA492B811656004551A3 /* ScrumdingerApp.swift in Sources */ = {isa = PBXBuildFile; fileRef = 847CEA482B811656004551A3 /* ScrumdingerApp.swift */; };
		847CEA4B2B811656004551A3 /* MeetingView.swift in Sources */ = {isa = PBXBuildFile; fileRef = 847CEA4A2B811656004551A3 /* MeetingView.swift */; };
		847CEA4D2B811658004551A3 /* Assets.xcassets in Resources */ = {isa = PBXBuildFile; fileRef = 847CEA4C2B811658004551A3 /* Assets.xcassets */; };
		847CEA502B811658004551A3 /* Preview Assets.xcassets in Resources */ = {isa = PBXBuildFile; fileRef = 847CEA4F2B811658004551A3 /* Preview Assets.xcassets */; };
		847CEA592B81172E004551A3 /* Theme.swift in Sources */ = {isa = PBXBuildFile; fileRef = 847CEA582B81172E004551A3 /* Theme.swift */; };
		847CEA5B2B811815004551A3 /* DailyScrum.swift in Sources */ = {isa = PBXBuildFile; fileRef = 847CEA5A2B811815004551A3 /* DailyScrum.swift */; };
		847CEA5D2B822AB9004551A3 /* CardView.swift in Sources */ = {isa = PBXBuildFile; fileRef = 847CEA5C2B822AB9004551A3 /* CardView.swift */; };
		847CEA5F2B822D78004551A3 /* TrailingIconLabelStyle.swift in Sources */ = {isa = PBXBuildFile; fileRef = 847CEA5E2B822D78004551A3 /* TrailingIconLabelStyle.swift */; };
		847CEA612B822EC9004551A3 /* ScrumsView.swift in Sources */ = {isa = PBXBuildFile; fileRef = 847CEA602B822EC9004551A3 /* ScrumsView.swift */; };
		847CEA632B848D7B004551A3 /* DetailView.swift in Sources */ = {isa = PBXBuildFile; fileRef = 847CEA622B848D7B004551A3 /* DetailView.swift */; };
		84DD274C2B8526490046A4D6 /* DetailEditView.swift in Sources */ = {isa = PBXBuildFile; fileRef = 84DD274B2B8526490046A4D6 /* DetailEditView.swift */; };
		84DD274E2B852CDA0046A4D6 /* ThemeView.swift in Sources */ = {isa = PBXBuildFile; fileRef = 84DD274D2B852CDA0046A4D6 /* ThemeView.swift */; };
		84FD533E2B86238100580596 /* ThemePicker.swift in Sources */ = {isa = PBXBuildFile; fileRef = 84FD533D2B86238100580596 /* ThemePicker.swift */; };
		84FD53402B869E9900580596 /* MeetingHeaderView.swift in Sources */ = {isa = PBXBuildFile; fileRef = 84FD533F2B869E9900580596 /* MeetingHeaderView.swift */; };
		84FD53422B86A06600580596 /* ScrumProgressViewStyle.swift in Sources */ = {isa = PBXBuildFile; fileRef = 84FD53412B86A06600580596 /* ScrumProgressViewStyle.swift */; };
		84FD53442B86A20D00580596 /* ScrumTimer.swift in Sources */ = {isa = PBXBuildFile; fileRef = 84FD53432B86A20D00580596 /* ScrumTimer.swift */; };
		84FD53462B86A3BC00580596 /* MeetingFooterView.swift in Sources */ = {isa = PBXBuildFile; fileRef = 84FD53452B86A3BC00580596 /* MeetingFooterView.swift */; };
		84FD53482B86A6EC00580596 /* AVPlayer+Ding.swift in Sources */ = {isa = PBXBuildFile; fileRef = 84FD53472B86A6EC00580596 /* AVPlayer+Ding.swift */; };
/* End PBXBuildFile section */

/* Begin PBXFileReference section */
		84172B0A2BAB8EDA0039CA80 /* NewScrumSheet.swift */ = {isa = PBXFileReference; lastKnownFileType = sourcecode.swift; path = NewScrumSheet.swift; sourceTree = "<group>"; };
		84172B0C2BAB910F0039CA80 /* History.swift */ = {isa = PBXFileReference; lastKnownFileType = sourcecode.swift; path = History.swift; sourceTree = "<group>"; };
		847CEA452B811656004551A3 /* Scrumdinger.app */ = {isa = PBXFileReference; explicitFileType = wrapper.application; includeInIndex = 0; path = Scrumdinger.app; sourceTree = BUILT_PRODUCTS_DIR; };
		847CEA482B811656004551A3 /* ScrumdingerApp.swift */ = {isa = PBXFileReference; lastKnownFileType = sourcecode.swift; path = ScrumdingerApp.swift; sourceTree = "<group>"; };
		847CEA4A2B811656004551A3 /* MeetingView.swift */ = {isa = PBXFileReference; lastKnownFileType = sourcecode.swift; path = MeetingView.swift; sourceTree = "<group>"; };
		847CEA4C2B811658004551A3 /* Assets.xcassets */ = {isa = PBXFileReference; lastKnownFileType = folder.assetcatalog; path = Assets.xcassets; sourceTree = "<group>"; };
		847CEA4F2B811658004551A3 /* Preview Assets.xcassets */ = {isa = PBXFileReference; lastKnownFileType = folder.assetcatalog; path = "Preview Assets.xcassets"; sourceTree = "<group>"; };
		847CEA572B8116C9004551A3 /* Article.md */ = {isa = PBXFileReference; lastKnownFileType = net.daringfireball.markdown; path = Article.md; sourceTree = "<group>"; };
		847CEA582B81172E004551A3 /* Theme.swift */ = {isa = PBXFileReference; lastKnownFileType = sourcecode.swift; path = Theme.swift; sourceTree = "<group>"; };
		847CEA5A2B811815004551A3 /* DailyScrum.swift */ = {isa = PBXFileReference; lastKnownFileType = sourcecode.swift; path = DailyScrum.swift; sourceTree = "<group>"; };
		847CEA5C2B822AB9004551A3 /* CardView.swift */ = {isa = PBXFileReference; lastKnownFileType = sourcecode.swift; path = CardView.swift; sourceTree = "<group>"; };
		847CEA5E2B822D78004551A3 /* TrailingIconLabelStyle.swift */ = {isa = PBXFileReference; lastKnownFileType = sourcecode.swift; path = TrailingIconLabelStyle.swift; sourceTree = "<group>"; };
		847CEA602B822EC9004551A3 /* ScrumsView.swift */ = {isa = PBXFileReference; lastKnownFileType = sourcecode.swift; path = ScrumsView.swift; sourceTree = "<group>"; };
		847CEA622B848D7B004551A3 /* DetailView.swift */ = {isa = PBXFileReference; lastKnownFileType = sourcecode.swift; path = DetailView.swift; sourceTree = "<group>"; };
		84DD274B2B8526490046A4D6 /* DetailEditView.swift */ = {isa = PBXFileReference; lastKnownFileType = sourcecode.swift; path = DetailEditView.swift; sourceTree = "<group>"; };
		84DD274D2B852CDA0046A4D6 /* ThemeView.swift */ = {isa = PBXFileReference; lastKnownFileType = sourcecode.swift; path = ThemeView.swift; sourceTree = "<group>"; };
		84FD533D2B86238100580596 /* ThemePicker.swift */ = {isa = PBXFileReference; lastKnownFileType = sourcecode.swift; path = ThemePicker.swift; sourceTree = "<group>"; };
		84FD533F2B869E9900580596 /* MeetingHeaderView.swift */ = {isa = PBXFileReference; lastKnownFileType = sourcecode.swift; path = MeetingHeaderView.swift; sourceTree = "<group>"; };
		84FD53412B86A06600580596 /* ScrumProgressViewStyle.swift */ = {isa = PBXFileReference; lastKnownFileType = sourcecode.swift; path = ScrumProgressViewStyle.swift; sourceTree = "<group>"; };
		84FD53432B86A20D00580596 /* ScrumTimer.swift */ = {isa = PBXFileReference; lastKnownFileType = sourcecode.swift; path = ScrumTimer.swift; sourceTree = "<group>"; };
		84FD53452B86A3BC00580596 /* MeetingFooterView.swift */ = {isa = PBXFileReference; lastKnownFileType = sourcecode.swift; path = MeetingFooterView.swift; sourceTree = "<group>"; };
		84FD53472B86A6EC00580596 /* AVPlayer+Ding.swift */ = {isa = PBXFileReference; lastKnownFileType = sourcecode.swift; path = "AVPlayer+Ding.swift"; sourceTree = "<group>"; };
/* End PBXFileReference section */

/* Begin PBXFrameworksBuildPhase section */
		847CEA422B811656004551A3 /* Frameworks */ = {
			isa = PBXFrameworksBuildPhase;
			buildActionMask = 2147483647;
			files = (
			);
			runOnlyForDeploymentPostprocessing = 0;
		};
/* End PBXFrameworksBuildPhase section */

/* Begin PBXGroup section */
		847CEA3C2B811656004551A3 = {
			isa = PBXGroup;
			children = (
				847CEA472B811656004551A3 /* Scrumdinger */,
				847CEA462B811656004551A3 /* Products */,
			);
			sourceTree = "<group>";
		};
		847CEA462B811656004551A3 /* Products */ = {
			isa = PBXGroup;
			children = (
				847CEA452B811656004551A3 /* Scrumdinger.app */,
			);
			name = Products;
			sourceTree = "<group>";
		};
		847CEA472B811656004551A3 /* Scrumdinger */ = {
			isa = PBXGroup;
			children = (
				84FD533B2B86224100580596 /* UI */,
				847CEA562B811695004551A3 /* Models */,
				847CEA482B811656004551A3 /* ScrumdingerApp.swift */,
				847CEA4C2B811658004551A3 /* Assets.xcassets */,
				847CEA4E2B811658004551A3 /* Preview Content */,
				847CEA572B8116C9004551A3 /* Article.md */,
			);
			path = Scrumdinger;
			sourceTree = "<group>";
		};
		847CEA4E2B811658004551A3 /* Preview Content */ = {
			isa = PBXGroup;
			children = (
				847CEA4F2B811658004551A3 /* Preview Assets.xcassets */,
			);
			path = "Preview Content";
			sourceTree = "<group>";
		};
		847CEA562B811695004551A3 /* Models */ = {
			isa = PBXGroup;
			children = (
				847CEA582B81172E004551A3 /* Theme.swift */,
				847CEA5A2B811815004551A3 /* DailyScrum.swift */,
				84FD53432B86A20D00580596 /* ScrumTimer.swift */,
				84FD53472B86A6EC00580596 /* AVPlayer+Ding.swift */,
				84172B0C2BAB910F0039CA80 /* History.swift */,
			);
			path = Models;
			sourceTree = "<group>";
		};
		84FD533B2B86224100580596 /* UI */ = {
			isa = PBXGroup;
			children = (
				84FD533C2B86228300580596 /* Common */,
				847CEA5C2B822AB9004551A3 /* CardView.swift */,
				847CEA602B822EC9004551A3 /* ScrumsView.swift */,
				847CEA622B848D7B004551A3 /* DetailView.swift */,
				84DD274B2B8526490046A4D6 /* DetailEditView.swift */,
				847CEA4A2B811656004551A3 /* MeetingView.swift */,
				84DD274D2B852CDA0046A4D6 /* ThemeView.swift */,
				84FD533D2B86238100580596 /* ThemePicker.swift */,
				84FD533F2B869E9900580596 /* MeetingHeaderView.swift */,
				84FD53452B86A3BC00580596 /* MeetingFooterView.swift */,
				84172B0A2BAB8EDA0039CA80 /* NewScrumSheet.swift */,
			);
			path = UI;
			sourceTree = "<group>";
		};
		84FD533C2B86228300580596 /* Common */ = {
			isa = PBXGroup;
			children = (
				847CEA5E2B822D78004551A3 /* TrailingIconLabelStyle.swift */,
				84FD53412B86A06600580596 /* ScrumProgressViewStyle.swift */,
			);
			path = Common;
			sourceTree = "<group>";
		};
/* End PBXGroup section */

/* Begin PBXNativeTarget section */
		847CEA442B811656004551A3 /* Scrumdinger */ = {
			isa = PBXNativeTarget;
			buildConfigurationList = 847CEA532B811658004551A3 /* Build configuration list for PBXNativeTarget "Scrumdinger" */;
			buildPhases = (
				847CEA412B811656004551A3 /* Sources */,
				847CEA422B811656004551A3 /* Frameworks */,
				847CEA432B811656004551A3 /* Resources */,
			);
			buildRules = (
			);
			dependencies = (
			);
			name = Scrumdinger;
			productName = Scrumdinger;
			productReference = 847CEA452B811656004551A3 /* Scrumdinger.app */;
			productType = "com.apple.product-type.application";
		};
/* End PBXNativeTarget section */

/* Begin PBXProject section */
		847CEA3D2B811656004551A3 /* Project object */ = {
			isa = PBXProject;
			attributes = {
				BuildIndependentTargetsInParallel = 1;
				LastSwiftUpdateCheck = 1510;
				LastUpgradeCheck = 1510;
				TargetAttributes = {
					847CEA442B811656004551A3 = {
						CreatedOnToolsVersion = 15.1;
					};
				};
			};
			buildConfigurationList = 847CEA402B811656004551A3 /* Build configuration list for PBXProject "Scrumdinger" */;
			compatibilityVersion = "Xcode 14.0";
			developmentRegion = en;
			hasScannedForEncodings = 0;
			knownRegions = (
				en,
				Base,
			);
			mainGroup = 847CEA3C2B811656004551A3;
			productRefGroup = 847CEA462B811656004551A3 /* Products */;
			projectDirPath = "";
			projectRoot = "";
			targets = (
				847CEA442B811656004551A3 /* Scrumdinger */,
			);
		};
/* End PBXProject section */

/* Begin PBXResourcesBuildPhase section */
		847CEA432B811656004551A3 /* Resources */ = {
			isa = PBXResourcesBuildPhase;
			buildActionMask = 2147483647;
			files = (
				847CEA502B811658004551A3 /* Preview Assets.xcassets in Resources */,
				847CEA4D2B811658004551A3 /* Assets.xcassets in Resources */,
			);
			runOnlyForDeploymentPostprocessing = 0;
		};
/* End PBXResourcesBuildPhase section */

/* Begin PBXSourcesBuildPhase section */
		847CEA412B811656004551A3 /* Sources */ = {
			isa = PBXSourcesBuildPhase;
			buildActionMask = 2147483647;
			files = (
				84172B0D2BAB910F0039CA80 /* History.swift in Sources */,
				84FD533E2B86238100580596 /* ThemePicker.swift in Sources */,
				84FD53422B86A06600580596 /* ScrumProgressViewStyle.swift in Sources */,
				84FD53462B86A3BC00580596 /* MeetingFooterView.swift in Sources */,
				84FD53442B86A20D00580596 /* ScrumTimer.swift in Sources */,
				847CEA5B2B811815004551A3 /* DailyScrum.swift in Sources */,
				847CEA632B848D7B004551A3 /* DetailView.swift in Sources */,
				84FD53402B869E9900580596 /* MeetingHeaderView.swift in Sources */,
				84DD274C2B8526490046A4D6 /* DetailEditView.swift in Sources */,
				84172B0B2BAB8EDA0039CA80 /* NewScrumSheet.swift in Sources */,
				847CEA5F2B822D78004551A3 /* TrailingIconLabelStyle.swift in Sources */,
				847CEA592B81172E004551A3 /* Theme.swift in Sources */,
				847CEA612B822EC9004551A3 /* ScrumsView.swift in Sources */,
				847CEA4B2B811656004551A3 /* MeetingView.swift in Sources */,
				847CEA492B811656004551A3 /* ScrumdingerApp.swift in Sources */,
				84DD274E2B852CDA0046A4D6 /* ThemeView.swift in Sources */,
				847CEA5D2B822AB9004551A3 /* CardView.swift in Sources */,
				84FD53482B86A6EC00580596 /* AVPlayer+Ding.swift in Sources */,
			);
			runOnlyForDeploymentPostprocessing = 0;
		};
/* End PBXSourcesBuildPhase section */

/* Begin XCBuildConfiguration section */
		847CEA512B811658004551A3 /* Debug */ = {
			isa = XCBuildConfiguration;
			buildSettings = {
				ALWAYS_SEARCH_USER_PATHS = NO;
				ASSETCATALOG_COMPILER_GENERATE_SWIFT_ASSET_SYMBOL_EXTENSIONS = YES;
				CLANG_ANALYZER_NONNULL = YES;
				CLANG_ANALYZER_NUMBER_OBJECT_CONVERSION = YES_AGGRESSIVE;
				CLANG_CXX_LANGUAGE_STANDARD = "gnu++20";
				CLANG_ENABLE_MODULES = YES;
				CLANG_ENABLE_OBJC_ARC = YES;
				CLANG_ENABLE_OBJC_WEAK = YES;
				CLANG_WARN_BLOCK_CAPTURE_AUTORELEASING = YES;
				CLANG_WARN_BOOL_CONVERSION = YES;
				CLANG_WARN_COMMA = YES;
				CLANG_WARN_CONSTANT_CONVERSION = YES;
				CLANG_WARN_DEPRECATED_OBJC_IMPLEMENTATIONS = YES;
				CLANG_WARN_DIRECT_OBJC_ISA_USAGE = YES_ERROR;
				CLANG_WARN_DOCUMENTATION_COMMENTS = YES;
				CLANG_WARN_EMPTY_BODY = YES;
				CLANG_WARN_ENUM_CONVERSION = YES;
				CLANG_WARN_INFINITE_RECURSION = YES;
				CLANG_WARN_INT_CONVERSION = YES;
				CLANG_WARN_NON_LITERAL_NULL_CONVERSION = YES;
				CLANG_WARN_OBJC_IMPLICIT_RETAIN_SELF = YES;
				CLANG_WARN_OBJC_LITERAL_CONVERSION = YES;
				CLANG_WARN_OBJC_ROOT_CLASS = YES_ERROR;
				CLANG_WARN_QUOTED_INCLUDE_IN_FRAMEWORK_HEADER = YES;
				CLANG_WARN_RANGE_LOOP_ANALYSIS = YES;
				CLANG_WARN_STRICT_PROTOTYPES = YES;
				CLANG_WARN_SUSPICIOUS_MOVE = YES;
				CLANG_WARN_UNGUARDED_AVAILABILITY = YES_AGGRESSIVE;
				CLANG_WARN_UNREACHABLE_CODE = YES;
				CLANG_WARN__DUPLICATE_METHOD_MATCH = YES;
				COPY_PHASE_STRIP = NO;
				DEBUG_INFORMATION_FORMAT = dwarf;
				ENABLE_STRICT_OBJC_MSGSEND = YES;
				ENABLE_TESTABILITY = YES;
				ENABLE_USER_SCRIPT_SANDBOXING = YES;
				GCC_C_LANGUAGE_STANDARD = gnu17;
				GCC_DYNAMIC_NO_PIC = NO;
				GCC_NO_COMMON_BLOCKS = YES;
				GCC_OPTIMIZATION_LEVEL = 0;
				GCC_PREPROCESSOR_DEFINITIONS = (
					"DEBUG=1",
					"$(inherited)",
				);
				GCC_WARN_64_TO_32_BIT_CONVERSION = YES;
				GCC_WARN_ABOUT_RETURN_TYPE = YES_ERROR;
				GCC_WARN_UNDECLARED_SELECTOR = YES;
				GCC_WARN_UNINITIALIZED_AUTOS = YES_AGGRESSIVE;
				GCC_WARN_UNUSED_FUNCTION = YES;
				GCC_WARN_UNUSED_VARIABLE = YES;
				IPHONEOS_DEPLOYMENT_TARGET = 17.2;
				LOCALIZATION_PREFERS_STRING_CATALOGS = YES;
				MTL_ENABLE_DEBUG_INFO = INCLUDE_SOURCE;
				MTL_FAST_MATH = YES;
				ONLY_ACTIVE_ARCH = YES;
				SDKROOT = iphoneos;
				SWIFT_ACTIVE_COMPILATION_CONDITIONS = "DEBUG $(inherited)";
				SWIFT_OPTIMIZATION_LEVEL = "-Onone";
			};
			name = Debug;
		};
		847CEA522B811658004551A3 /* Release */ = {
			isa = XCBuildConfiguration;
			buildSettings = {
				ALWAYS_SEARCH_USER_PATHS = NO;
				ASSETCATALOG_COMPILER_GENERATE_SWIFT_ASSET_SYMBOL_EXTENSIONS = YES;
				CLANG_ANALYZER_NONNULL = YES;
				CLANG_ANALYZER_NUMBER_OBJECT_CONVERSION = YES_AGGRESSIVE;
				CLANG_CXX_LANGUAGE_STANDARD = "gnu++20";
				CLANG_ENABLE_MODULES = YES;
				CLANG_ENABLE_OBJC_ARC = YES;
				CLANG_ENABLE_OBJC_WEAK = YES;
				CLANG_WARN_BLOCK_CAPTURE_AUTORELEASING = YES;
				CLANG_WARN_BOOL_CONVERSION = YES;
				CLANG_WARN_COMMA = YES;
				CLANG_WARN_CONSTANT_CONVERSION = YES;
				CLANG_WARN_DEPRECATED_OBJC_IMPLEMENTATIONS = YES;
				CLANG_WARN_DIRECT_OBJC_ISA_USAGE = YES_ERROR;
				CLANG_WARN_DOCUMENTATION_COMMENTS = YES;
				CLANG_WARN_EMPTY_BODY = YES;
				CLANG_WARN_ENUM_CONVERSION = YES;
				CLANG_WARN_INFINITE_RECURSION = YES;
				CLANG_WARN_INT_CONVERSION = YES;
				CLANG_WARN_NON_LITERAL_NULL_CONVERSION = YES;
				CLANG_WARN_OBJC_IMPLICIT_RETAIN_SELF = YES;
				CLANG_WARN_OBJC_LITERAL_CONVERSION = YES;
				CLANG_WARN_OBJC_ROOT_CLASS = YES_ERROR;
				CLANG_WARN_QUOTED_INCLUDE_IN_FRAMEWORK_HEADER = YES;
				CLANG_WARN_RANGE_LOOP_ANALYSIS = YES;
				CLANG_WARN_STRICT_PROTOTYPES = YES;
				CLANG_WARN_SUSPICIOUS_MOVE = YES;
				CLANG_WARN_UNGUARDED_AVAILABILITY = YES_AGGRESSIVE;
				CLANG_WARN_UNREACHABLE_CODE = YES;
				CLANG_WARN__DUPLICATE_METHOD_MATCH = YES;
				COPY_PHASE_STRIP = NO;
				DEBUG_INFORMATION_FORMAT = "dwarf-with-dsym";
				ENABLE_NS_ASSERTIONS = NO;
				ENABLE_STRICT_OBJC_MSGSEND = YES;
				ENABLE_USER_SCRIPT_SANDBOXING = YES;
				GCC_C_LANGUAGE_STANDARD = gnu17;
				GCC_NO_COMMON_BLOCKS = YES;
				GCC_WARN_64_TO_32_BIT_CONVERSION = YES;
				GCC_WARN_ABOUT_RETURN_TYPE = YES_ERROR;
				GCC_WARN_UNDECLARED_SELECTOR = YES;
				GCC_WARN_UNINITIALIZED_AUTOS = YES_AGGRESSIVE;
				GCC_WARN_UNUSED_FUNCTION = YES;
				GCC_WARN_UNUSED_VARIABLE = YES;
				IPHONEOS_DEPLOYMENT_TARGET = 17.2;
				LOCALIZATION_PREFERS_STRING_CATALOGS = YES;
				MTL_ENABLE_DEBUG_INFO = NO;
				MTL_FAST_MATH = YES;
				SDKROOT = iphoneos;
				SWIFT_COMPILATION_MODE = wholemodule;
				VALIDATE_PRODUCT = YES;
			};
			name = Release;
		};
		847CEA542B811658004551A3 /* Debug */ = {
			isa = XCBuildConfiguration;
			buildSettings = {
				ASSETCATALOG_COMPILER_APPICON_NAME = AppIcon;
				ASSETCATALOG_COMPILER_GENERATE_ASSET_SYMBOLS = NO;
				ASSETCATALOG_COMPILER_GLOBAL_ACCENT_COLOR_NAME = AccentColor;
				CODE_SIGN_STYLE = Automatic;
				CURRENT_PROJECT_VERSION = 1;
				DEVELOPMENT_ASSET_PATHS = "\"Scrumdinger/Preview Content\"";
				DEVELOPMENT_TEAM = 78S8L772Q5;
				ENABLE_PREVIEWS = YES;
				GENERATE_INFOPLIST_FILE = YES;
				INFOPLIST_KEY_UIApplicationSceneManifest_Generation = YES;
				INFOPLIST_KEY_UIApplicationSupportsIndirectInputEvents = YES;
				INFOPLIST_KEY_UILaunchScreen_Generation = YES;
				INFOPLIST_KEY_UISupportedInterfaceOrientations_iPad = "UIInterfaceOrientationPortrait UIInterfaceOrientationPortraitUpsideDown UIInterfaceOrientationLandscapeLeft UIInterfaceOrientationLandscapeRight";
				INFOPLIST_KEY_UISupportedInterfaceOrientations_iPhone = "UIInterfaceOrientationPortrait UIInterfaceOrientationLandscapeLeft UIInterfaceOrientationLandscapeRight";
				LD_RUNPATH_SEARCH_PATHS = (
					"$(inherited)",
					"@executable_path/Frameworks",
				);
				MARKETING_VERSION = 1.0;
				PRODUCT_BUNDLE_IDENTIFIER = com.adeef.Scrumdinger;
				PRODUCT_NAME = "$(TARGET_NAME)";
				SWIFT_EMIT_LOC_STRINGS = YES;
				SWIFT_VERSION = 5.0;
				TARGETED_DEVICE_FAMILY = "1,2";
			};
			name = Debug;
		};
		847CEA552B811658004551A3 /* Release */ = {
			isa = XCBuildConfiguration;
			buildSettings = {
				ASSETCATALOG_COMPILER_APPICON_NAME = AppIcon;
				ASSETCATALOG_COMPILER_GENERATE_ASSET_SYMBOLS = NO;
				ASSETCATALOG_COMPILER_GLOBAL_ACCENT_COLOR_NAME = AccentColor;
				CODE_SIGN_STYLE = Automatic;
				CURRENT_PROJECT_VERSION = 1;
				DEVELOPMENT_ASSET_PATHS = "\"Scrumdinger/Preview Content\"";
				DEVELOPMENT_TEAM = 78S8L772Q5;
				ENABLE_PREVIEWS = YES;
				GENERATE_INFOPLIST_FILE = YES;
				INFOPLIST_KEY_UIApplicationSceneManifest_Generation = YES;
				INFOPLIST_KEY_UIApplicationSupportsIndirectInputEvents = YES;
				INFOPLIST_KEY_UILaunchScreen_Generation = YES;
				INFOPLIST_KEY_UISupportedInterfaceOrientations_iPad = "UIInterfaceOrientationPortrait UIInterfaceOrientationPortraitUpsideDown UIInterfaceOrientationLandscapeLeft UIInterfaceOrientationLandscapeRight";
				INFOPLIST_KEY_UISupportedInterfaceOrientations_iPhone = "UIInterfaceOrientationPortrait UIInterfaceOrientationLandscapeLeft UIInterfaceOrientationLandscapeRight";
				LD_RUNPATH_SEARCH_PATHS = (
					"$(inherited)",
					"@executable_path/Frameworks",
				);
				MARKETING_VERSION = 1.0;
				PRODUCT_BUNDLE_IDENTIFIER = com.adeef.Scrumdinger;
				PRODUCT_NAME = "$(TARGET_NAME)";
				SWIFT_EMIT_LOC_STRINGS = YES;
				SWIFT_VERSION = 5.0;
				TARGETED_DEVICE_FAMILY = "1,2";
			};
			name = Release;
		};
/* End XCBuildConfiguration section */

/* Begin XCConfigurationList section */
		847CEA402B811656004551A3 /* Build configuration list for PBXProject "Scrumdinger" */ = {
			isa = XCConfigurationList;
			buildConfigurations = (
				847CEA512B811658004551A3 /* Debug */,
				847CEA522B811658004551A3 /* Release */,
			);
			defaultConfigurationIsVisible = 0;
			defaultConfigurationName = Release;
		};
		847CEA532B811658004551A3 /* Build configuration list for PBXNativeTarget "Scrumdinger" */ = {
			isa = XCConfigurationList;
			buildConfigurations = (
				847CEA542B811658004551A3 /* Debug */,
				847CEA552B811658004551A3 /* Release */,
			);
			defaultConfigurationIsVisible = 0;
			defaultConfigurationName = Release;
		};
/* End XCConfigurationList section */
	};
	rootObject = 847CEA3D2B811656004551A3 /* Project object */;
}
